<?xml version="1.0" encoding="UTF-8"?>
<!DOCTYPE plist PUBLIC "-//Apple//DTD PLIST 1.0//EN" "http://www.apple.com/DTDs/PropertyList-1.0.dtd">
<plist version="1.0">
<dict>
	<key>archiveVersion</key>
	<string>1</string>
	<key>classes</key>
	<dict/>
	<key>objectVersion</key>
	<string>46</string>
	<key>objects</key>
	<dict>
		<key>0A2CEDFC187ABEFD00187CEC</key>
		<dict>
			<key>fileEncoding</key>
			<string>4</string>
			<key>isa</key>
			<string>PBXFileReference</string>
			<key>lastKnownFileType</key>
			<string>sourcecode.c.objc</string>
			<key>path</key>
			<string>PhotoSpec.m</string>
			<key>sourceTree</key>
			<string>&lt;group&gt;</string>
		</dict>
		<key>0A2CEDFD187ABEFD00187CEC</key>
		<dict>
			<key>fileRef</key>
			<string>0A2CEDFC187ABEFD00187CEC</string>
			<key>isa</key>
			<string>PBXBuildFile</string>
		</dict>
		<key>0A2CEDFF187AC44A00187CEC</key>
		<dict>
			<key>fileEncoding</key>
			<string>4</string>
			<key>isa</key>
			<string>PBXFileReference</string>
			<key>lastKnownFileType</key>
			<string>sourcecode.c.objc</string>
			<key>path</key>
			<string>PhotoGalleryCellSpec.m</string>
			<key>sourceTree</key>
			<string>&lt;group&gt;</string>
		</dict>
		<key>0A2CEE00187AC44A00187CEC</key>
		<dict>
			<key>fileRef</key>
			<string>0A2CEDFF187AC44A00187CEC</string>
			<key>isa</key>
			<string>PBXBuildFile</string>
		</dict>
		<key>0A2CEE09187B3F5300187CEC</key>
		<dict>
			<key>isa</key>
			<string>PBXFileReference</string>
			<key>lastKnownFileType</key>
			<string>wrapper.framework</string>
			<key>name</key>
			<string>CoreImage.framework</string>
			<key>path</key>
			<string>System/Library/Frameworks/CoreImage.framework</string>
			<key>sourceTree</key>
			<string>SDKROOT</string>
		</dict>
		<key>0A2CEE0A187B3F5300187CEC</key>
		<dict>
			<key>fileRef</key>
			<string>0A2CEE09187B3F5300187CEC</string>
			<key>isa</key>
			<string>PBXBuildFile</string>
		</dict>
		<key>0A2CEE0C187B3F8800187CEC</key>
		<dict>
			<key>fileEncoding</key>
			<string>4</string>
			<key>isa</key>
			<string>PBXFileReference</string>
			<key>lastKnownFileType</key>
			<string>sourcecode.c.h</string>
			<key>path</key>
			<string>PGImageFilters.h</string>
			<key>sourceTree</key>
			<string>&lt;group&gt;</string>
		</dict>
		<key>0A2CEE0D187B3F8800187CEC</key>
		<dict>
			<key>fileEncoding</key>
			<string>4</string>
			<key>isa</key>
			<string>PBXFileReference</string>
			<key>lastKnownFileType</key>
			<string>sourcecode.c.objc</string>
			<key>path</key>
			<string>PGImageFilters.m</string>
			<key>sourceTree</key>
			<string>&lt;group&gt;</string>
		</dict>
		<key>0A2CEE0E187B3F8800187CEC</key>
		<dict>
			<key>fileRef</key>
			<string>0A2CEE0D187B3F8800187CEC</string>
			<key>isa</key>
			<string>PBXBuildFile</string>
		</dict>
		<key>0A2CEE10187B440F00187CEC</key>
		<dict>
			<key>fileEncoding</key>
			<string>4</string>
			<key>isa</key>
			<string>PBXFileReference</string>
			<key>lastKnownFileType</key>
			<string>sourcecode.c.objc</string>
			<key>path</key>
			<string>PGImageFilterSpec.m</string>
			<key>sourceTree</key>
			<string>&lt;group&gt;</string>
		</dict>
		<key>0A2CEE11187B440F00187CEC</key>
		<dict>
			<key>fileRef</key>
			<string>0A2CEE10187B440F00187CEC</string>
			<key>isa</key>
			<string>PBXBuildFile</string>
		</dict>
		<key>0A2CEE12187B508C00187CEC</key>
		<dict>
			<key>fileRef</key>
			<string>0A2CEE09187B3F5300187CEC</string>
			<key>isa</key>
			<string>PBXBuildFile</string>
		</dict>
		<key>0A2CEE13187B53E400187CEC</key>
		<dict>
			<key>isa</key>
			<string>PBXFileReference</string>
			<key>lastKnownFileType</key>
			<string>image.png</string>
			<key>name</key>
			<string>kenny.png</string>
			<key>path</key>
			<string>../PhotoGallery/kenny.png</string>
			<key>sourceTree</key>
			<string>&lt;group&gt;</string>
		</dict>
		<key>0A2CEE14187B53E400187CEC</key>
		<dict>
			<key>fileRef</key>
			<string>0A2CEE13187B53E400187CEC</string>
			<key>isa</key>
			<string>PBXBuildFile</string>
		</dict>
		<key>0A2CEE16187B55B200187CEC</key>
		<dict>
			<key>fileEncoding</key>
			<string>4</string>
			<key>isa</key>
			<string>PBXFileReference</string>
			<key>lastKnownFileType</key>
			<string>sourcecode.c.objc</string>
			<key>name</key>
			<string>PGImageFiltersTableDataSourceSpec.m</string>
			<key>path</key>
			<string>PhotoGalleryTests/PGImageFiltersTableDataSourceSpec.m</string>
			<key>sourceTree</key>
			<string>SOURCE_ROOT</string>
		</dict>
		<key>0A2CEE17187B55B200187CEC</key>
		<dict>
			<key>fileRef</key>
			<string>0A2CEE16187B55B200187CEC</string>
			<key>isa</key>
			<string>PBXBuildFile</string>
		</dict>
		<key>0A2CEE18187B562600187CEC</key>
		<dict>
			<key>fileEncoding</key>
			<string>4</string>
			<key>isa</key>
			<string>PBXFileReference</string>
			<key>lastKnownFileType</key>
			<string>sourcecode.c.h</string>
			<key>path</key>
			<string>ImageFiltersTableDataSource.h</string>
			<key>sourceTree</key>
			<string>&lt;group&gt;</string>
		</dict>
		<key>0A2CEE19187B562600187CEC</key>
		<dict>
			<key>fileEncoding</key>
			<string>4</string>
			<key>isa</key>
			<string>PBXFileReference</string>
			<key>lastKnownFileType</key>
			<string>sourcecode.c.objc</string>
			<key>path</key>
			<string>ImageFiltersTableDataSource.m</string>
			<key>sourceTree</key>
			<string>&lt;group&gt;</string>
		</dict>
		<key>0A2CEE1A187B562700187CEC</key>
		<dict>
			<key>fileRef</key>
			<string>0A2CEE19187B562600187CEC</string>
			<key>isa</key>
			<string>PBXBuildFile</string>
		</dict>
		<key>0A2CEE1B187B562D00187CEC</key>
		<dict>
			<key>children</key>
			<array>
				<string>0A2CEE0C187B3F8800187CEC</string>
				<string>0A2CEE0D187B3F8800187CEC</string>
				<string>0A2CEE18187B562600187CEC</string>
				<string>0A2CEE19187B562600187CEC</string>
				<string>0A2CEE1C187B57B500187CEC</string>
				<string>0A2CEE1D187B57B500187CEC</string>
			</array>
			<key>isa</key>
			<string>PBXGroup</string>
			<key>name</key>
			<string>Image filters</string>
			<key>sourceTree</key>
			<string>&lt;group&gt;</string>
		</dict>
		<key>0A2CEE1C187B57B500187CEC</key>
		<dict>
			<key>fileEncoding</key>
			<string>4</string>
			<key>isa</key>
			<string>PBXFileReference</string>
			<key>lastKnownFileType</key>
			<string>sourcecode.c.h</string>
			<key>path</key>
			<string>PhotoFilterCell.h</string>
			<key>sourceTree</key>
			<string>&lt;group&gt;</string>
		</dict>
		<key>0A2CEE1D187B57B500187CEC</key>
		<dict>
			<key>fileEncoding</key>
			<string>4</string>
			<key>isa</key>
			<string>PBXFileReference</string>
			<key>lastKnownFileType</key>
			<string>sourcecode.c.objc</string>
			<key>path</key>
			<string>PhotoFilterCell.m</string>
			<key>sourceTree</key>
			<string>&lt;group&gt;</string>
		</dict>
		<key>0A2CEE1E187B57B500187CEC</key>
		<dict>
			<key>fileRef</key>
			<string>0A2CEE1D187B57B500187CEC</string>
			<key>isa</key>
			<string>PBXBuildFile</string>
		</dict>
		<key>0AACFE9F1874468B007DB704</key>
		<dict>
			<key>children</key>
			<array>
				<string>0AACFEB61874468B007DB704</string>
				<string>0AACFED81874468B007DB704</string>
				<string>0AACFEAD1874468B007DB704</string>
				<string>0AACFEAB1874468B007DB704</string>
				<string>E31F1462B6C5401782521891</string>
				<string>5C94B39B0E4947B48FEEEA2F</string>
			</array>
			<key>isa</key>
			<string>PBXGroup</string>
			<key>sourceTree</key>
			<string>&lt;group&gt;</string>
		</dict>
		<key>0AACFEA11874468B007DB704</key>
		<dict>
			<key>attributes</key>
			<dict>
				<key>LastUpgradeCheck</key>
				<string>0450</string>
				<key>ORGANIZATIONNAME</key>
				<string>Ankh</string>
			</dict>
			<key>buildConfigurationList</key>
			<string>0AACFEA41874468B007DB704</string>
			<key>compatibilityVersion</key>
			<string>Xcode 3.2</string>
			<key>developmentRegion</key>
			<string>English</string>
			<key>hasScannedForEncodings</key>
			<string>0</string>
			<key>isa</key>
			<string>PBXProject</string>
			<key>knownRegions</key>
			<array>
				<string>en</string>
			</array>
			<key>mainGroup</key>
			<string>0AACFE9F1874468B007DB704</string>
			<key>productRefGroup</key>
			<string>0AACFEAB1874468B007DB704</string>
			<key>projectDirPath</key>
			<string></string>
			<key>projectReferences</key>
			<array/>
			<key>projectRoot</key>
			<string></string>
			<key>targets</key>
			<array>
				<string>0AACFEA91874468B007DB704</string>
				<string>0AACFECF1874468B007DB704</string>
			</array>
		</dict>
		<key>0AACFEA41874468B007DB704</key>
		<dict>
			<key>buildConfigurations</key>
			<array>
				<string>0AACFEE11874468B007DB704</string>
				<string>0AACFEE21874468B007DB704</string>
			</array>
			<key>defaultConfigurationIsVisible</key>
			<string>0</string>
			<key>defaultConfigurationName</key>
			<string>Release</string>
			<key>isa</key>
			<string>XCConfigurationList</string>
		</dict>
		<key>0AACFEA61874468B007DB704</key>
		<dict>
			<key>buildActionMask</key>
			<string>2147483647</string>
			<key>files</key>
			<array>
				<string>0AACFEBD1874468B007DB704</string>
				<string>0AACFEC11874468B007DB704</string>
				<string>0AACFECA1874468B007DB704</string>
				<string>0AACFEEC18745806007DB704</string>
				<string>0AACFEF2187476D2007DB704</string>
				<string>0AACFEFB1874894D007DB704</string>
				<string>0AACFEFF18748AEC007DB704</string>
				<string>0AACFF0218748B20007DB704</string>
				<string>0AACFF051874A220007DB704</string>
				<string>0AACFF0B1874A837007DB704</string>
				<string>0AD20F2B1874BB29008E61FF</string>
				<string>0AD20F2F1874C24A008E61FF</string>
				<string>0ABAE4691875C625002ECF1E</string>
				<string>0A2CEE0E187B3F8800187CEC</string>
				<string>0A2CEE1A187B562700187CEC</string>
				<string>0A2CEE1E187B57B500187CEC</string>
				<string>0ADBEA9A187B74F700A59F79</string>
				<string>0ADBEA9E187B79E100A59F79</string>
				<string>0ADBEAA8187D83E900A59F79</string>
				<string>0ADBEAAC187D8B1D00A59F79</string>
				<string>0ADBEAAF187D90EA00A59F79</string>
				<string>0ADBEAB2187DADA900A59F79</string>
				<string>0ADBEABE187DC47600A59F79</string>
			</array>
			<key>isa</key>
			<string>PBXSourcesBuildPhase</string>
			<key>runOnlyForDeploymentPostprocessing</key>
			<string>0</string>
		</dict>
		<key>0AACFEA71874468B007DB704</key>
		<dict>
			<key>buildActionMask</key>
			<string>2147483647</string>
			<key>files</key>
			<array>
				<string>0A2CEE0A187B3F5300187CEC</string>
				<string>0AACFF071874A2A7007DB704</string>
				<string>0AACFEAF1874468B007DB704</string>
				<string>0AACFEB11874468B007DB704</string>
				<string>0AACFEB31874468B007DB704</string>
				<string>0AACFEB51874468B007DB704</string>
				<string>578728E751FA4247B03BCFCD</string>
			</array>
			<key>isa</key>
			<string>PBXFrameworksBuildPhase</string>
			<key>runOnlyForDeploymentPostprocessing</key>
			<string>0</string>
		</dict>
		<key>0AACFEA81874468B007DB704</key>
		<dict>
			<key>buildActionMask</key>
			<string>2147483647</string>
			<key>files</key>
			<array>
				<string>0AACFEBB1874468B007DB704</string>
				<string>0AACFEC31874468B007DB704</string>
				<string>0AACFEC51874468B007DB704</string>
				<string>0AACFEC71874468B007DB704</string>
				<string>0AACFEEF18747292007DB704</string>
				<string>0AD20F321875932B008E61FF</string>
				<string>0AD20F3418759339008E61FF</string>
				<string>0ABAE46D1875D821002ECF1E</string>
				<string>0ACCCB5518772A14001268AA</string>
				<string>0ACCCB5B18772ACA001268AA</string>
				<string>0A2CEE14187B53E400187CEC</string>
			</array>
			<key>isa</key>
			<string>PBXResourcesBuildPhase</string>
			<key>runOnlyForDeploymentPostprocessing</key>
			<string>0</string>
		</dict>
		<key>0AACFEA91874468B007DB704</key>
		<dict>
			<key>buildConfigurationList</key>
			<string>0AACFEE31874468B007DB704</string>
			<key>buildPhases</key>
			<array>
				<string>696A20A24A634505919C51BF</string>
				<string>0AACFEA61874468B007DB704</string>
				<string>0AACFEA71874468B007DB704</string>
				<string>0AACFEA81874468B007DB704</string>
				<string>8C9D8E7E24EB4BB58DBDF9EB</string>
			</array>
			<key>buildRules</key>
			<array/>
			<key>dependencies</key>
			<array/>
			<key>isa</key>
			<string>PBXNativeTarget</string>
			<key>name</key>
			<string>PhotoGallery</string>
			<key>productName</key>
			<string>PhotoGallery</string>
			<key>productReference</key>
			<string>0AACFEAA1874468B007DB704</string>
			<key>productType</key>
			<string>com.apple.product-type.application</string>
		</dict>
		<key>0AACFEAA1874468B007DB704</key>
		<dict>
			<key>explicitFileType</key>
			<string>wrapper.application</string>
			<key>includeInIndex</key>
			<string>0</string>
			<key>isa</key>
			<string>PBXFileReference</string>
			<key>path</key>
			<string>PhotoGallery.app</string>
			<key>sourceTree</key>
			<string>BUILT_PRODUCTS_DIR</string>
		</dict>
		<key>0AACFEAB1874468B007DB704</key>
		<dict>
			<key>children</key>
			<array>
				<string>0AACFEAA1874468B007DB704</string>
				<string>0AACFED01874468B007DB704</string>
			</array>
			<key>isa</key>
			<string>PBXGroup</string>
			<key>name</key>
			<string>Products</string>
			<key>sourceTree</key>
			<string>&lt;group&gt;</string>
		</dict>
		<key>0AACFEAD1874468B007DB704</key>
		<dict>
			<key>children</key>
			<array>
				<string>0A2CEE09187B3F5300187CEC</string>
				<string>0AACFEAE1874468B007DB704</string>
				<string>0AACFEB01874468B007DB704</string>
				<string>0AACFEB21874468B007DB704</string>
				<string>0AACFEB41874468B007DB704</string>
				<string>0AACFED11874468B007DB704</string>
				<string>0AACFF061874A2A6007DB704</string>
				<string>B50B002091F54F48AC44C5C1</string>
				<string>94CC1BDD030B490EBB4559F4</string>
			</array>
			<key>isa</key>
			<string>PBXGroup</string>
			<key>name</key>
			<string>Frameworks</string>
			<key>sourceTree</key>
			<string>&lt;group&gt;</string>
		</dict>
		<key>0AACFEAE1874468B007DB704</key>
		<dict>
			<key>isa</key>
			<string>PBXFileReference</string>
			<key>lastKnownFileType</key>
			<string>wrapper.framework</string>
			<key>name</key>
			<string>UIKit.framework</string>
			<key>path</key>
			<string>System/Library/Frameworks/UIKit.framework</string>
			<key>sourceTree</key>
			<string>SDKROOT</string>
		</dict>
		<key>0AACFEAF1874468B007DB704</key>
		<dict>
			<key>fileRef</key>
			<string>0AACFEAE1874468B007DB704</string>
			<key>isa</key>
			<string>PBXBuildFile</string>
		</dict>
		<key>0AACFEB01874468B007DB704</key>
		<dict>
			<key>isa</key>
			<string>PBXFileReference</string>
			<key>lastKnownFileType</key>
			<string>wrapper.framework</string>
			<key>name</key>
			<string>Foundation.framework</string>
			<key>path</key>
			<string>System/Library/Frameworks/Foundation.framework</string>
			<key>sourceTree</key>
			<string>SDKROOT</string>
		</dict>
		<key>0AACFEB11874468B007DB704</key>
		<dict>
			<key>fileRef</key>
			<string>0AACFEB01874468B007DB704</string>
			<key>isa</key>
			<string>PBXBuildFile</string>
		</dict>
		<key>0AACFEB21874468B007DB704</key>
		<dict>
			<key>isa</key>
			<string>PBXFileReference</string>
			<key>lastKnownFileType</key>
			<string>wrapper.framework</string>
			<key>name</key>
			<string>CoreGraphics.framework</string>
			<key>path</key>
			<string>System/Library/Frameworks/CoreGraphics.framework</string>
			<key>sourceTree</key>
			<string>SDKROOT</string>
		</dict>
		<key>0AACFEB31874468B007DB704</key>
		<dict>
			<key>fileRef</key>
			<string>0AACFEB21874468B007DB704</string>
			<key>isa</key>
			<string>PBXBuildFile</string>
		</dict>
		<key>0AACFEB41874468B007DB704</key>
		<dict>
			<key>isa</key>
			<string>PBXFileReference</string>
			<key>lastKnownFileType</key>
			<string>wrapper.framework</string>
			<key>name</key>
			<string>CoreData.framework</string>
			<key>path</key>
			<string>System/Library/Frameworks/CoreData.framework</string>
			<key>sourceTree</key>
			<string>SDKROOT</string>
		</dict>
		<key>0AACFEB51874468B007DB704</key>
		<dict>
			<key>fileRef</key>
			<string>0AACFEB41874468B007DB704</string>
			<key>isa</key>
			<string>PBXBuildFile</string>
		</dict>
		<key>0AACFEB61874468B007DB704</key>
		<dict>
			<key>children</key>
			<array>
				<string>0AACFEBF1874468B007DB704</string>
				<string>0AACFEC01874468B007DB704</string>
				<string>0AACFF081874A828007DB704</string>
				<string>0AACFEF3187476F0007DB704</string>
				<string>0AACFEE9187457CA007DB704</string>
				<string>0AACFEB71874468B007DB704</string>
			</array>
			<key>isa</key>
			<string>PBXGroup</string>
			<key>path</key>
			<string>PhotoGallery</string>
			<key>sourceTree</key>
			<string>&lt;group&gt;</string>
		</dict>
		<key>0AACFEB71874468B007DB704</key>
		<dict>
			<key>children</key>
			<array>
				<string>0AD20F301875931A008E61FF</string>
				<string>0AACFEB81874468B007DB704</string>
				<string>0AACFEB91874468B007DB704</string>
				<string>0AACFEBC1874468B007DB704</string>
				<string>0AACFEBE1874468B007DB704</string>
				<string>0AACFEC21874468B007DB704</string>
				<string>0AACFEC41874468B007DB704</string>
				<string>0AACFEC61874468B007DB704</string>
			</array>
			<key>isa</key>
			<string>PBXGroup</string>
			<key>name</key>
			<string>Supporting Files</string>
			<key>sourceTree</key>
			<string>&lt;group&gt;</string>
		</dict>
		<key>0AACFEB81874468B007DB704</key>
		<dict>
			<key>isa</key>
			<string>PBXFileReference</string>
			<key>lastKnownFileType</key>
			<string>text.plist.xml</string>
			<key>path</key>
			<string>PhotoGallery-Info.plist</string>
			<key>sourceTree</key>
			<string>&lt;group&gt;</string>
		</dict>
		<key>0AACFEB91874468B007DB704</key>
		<dict>
			<key>children</key>
			<array>
				<string>0AACFEBA1874468B007DB704</string>
			</array>
			<key>isa</key>
			<string>PBXVariantGroup</string>
			<key>name</key>
			<string>InfoPlist.strings</string>
			<key>sourceTree</key>
			<string>&lt;group&gt;</string>
		</dict>
		<key>0AACFEBA1874468B007DB704</key>
		<dict>
			<key>isa</key>
			<string>PBXFileReference</string>
			<key>lastKnownFileType</key>
			<string>text.plist.strings</string>
			<key>name</key>
			<string>en</string>
			<key>path</key>
			<string>en.lproj/InfoPlist.strings</string>
			<key>sourceTree</key>
			<string>&lt;group&gt;</string>
		</dict>
		<key>0AACFEBB1874468B007DB704</key>
		<dict>
			<key>fileRef</key>
			<string>0AACFEB91874468B007DB704</string>
			<key>isa</key>
			<string>PBXBuildFile</string>
		</dict>
		<key>0AACFEBC1874468B007DB704</key>
		<dict>
			<key>isa</key>
			<string>PBXFileReference</string>
			<key>lastKnownFileType</key>
			<string>sourcecode.c.objc</string>
			<key>path</key>
			<string>main.m</string>
			<key>sourceTree</key>
			<string>&lt;group&gt;</string>
		</dict>
		<key>0AACFEBD1874468B007DB704</key>
		<dict>
			<key>fileRef</key>
			<string>0AACFEBC1874468B007DB704</string>
			<key>isa</key>
			<string>PBXBuildFile</string>
		</dict>
		<key>0AACFEBE1874468B007DB704</key>
		<dict>
			<key>isa</key>
			<string>PBXFileReference</string>
			<key>lastKnownFileType</key>
			<string>sourcecode.c.h</string>
			<key>path</key>
			<string>PhotoGallery-Prefix.pch</string>
			<key>sourceTree</key>
			<string>&lt;group&gt;</string>
		</dict>
		<key>0AACFEBF1874468B007DB704</key>
		<dict>
			<key>isa</key>
			<string>PBXFileReference</string>
			<key>lastKnownFileType</key>
			<string>sourcecode.c.h</string>
			<key>path</key>
			<string>AppDelegate.h</string>
			<key>sourceTree</key>
			<string>&lt;group&gt;</string>
		</dict>
		<key>0AACFEC01874468B007DB704</key>
		<dict>
			<key>isa</key>
			<string>PBXFileReference</string>
			<key>lastKnownFileType</key>
			<string>sourcecode.c.objc</string>
			<key>path</key>
			<string>AppDelegate.m</string>
			<key>sourceTree</key>
			<string>&lt;group&gt;</string>
		</dict>
		<key>0AACFEC11874468B007DB704</key>
		<dict>
			<key>fileRef</key>
			<string>0AACFEC01874468B007DB704</string>
			<key>isa</key>
			<string>PBXBuildFile</string>
		</dict>
		<key>0AACFEC21874468B007DB704</key>
		<dict>
			<key>isa</key>
			<string>PBXFileReference</string>
			<key>lastKnownFileType</key>
			<string>image.png</string>
			<key>path</key>
			<string>Default.png</string>
			<key>sourceTree</key>
			<string>&lt;group&gt;</string>
		</dict>
		<key>0AACFEC31874468B007DB704</key>
		<dict>
			<key>fileRef</key>
			<string>0AACFEC21874468B007DB704</string>
			<key>isa</key>
			<string>PBXBuildFile</string>
		</dict>
		<key>0AACFEC41874468B007DB704</key>
		<dict>
			<key>isa</key>
			<string>PBXFileReference</string>
			<key>lastKnownFileType</key>
			<string>image.png</string>
			<key>path</key>
			<string>Default@2x.png</string>
			<key>sourceTree</key>
			<string>&lt;group&gt;</string>
		</dict>
		<key>0AACFEC51874468B007DB704</key>
		<dict>
			<key>fileRef</key>
			<string>0AACFEC41874468B007DB704</string>
			<key>isa</key>
			<string>PBXBuildFile</string>
		</dict>
		<key>0AACFEC61874468B007DB704</key>
		<dict>
			<key>isa</key>
			<string>PBXFileReference</string>
			<key>lastKnownFileType</key>
			<string>image.png</string>
			<key>path</key>
			<string>Default-568h@2x.png</string>
			<key>sourceTree</key>
			<string>&lt;group&gt;</string>
		</dict>
		<key>0AACFEC71874468B007DB704</key>
		<dict>
			<key>fileRef</key>
			<string>0AACFEC61874468B007DB704</string>
			<key>isa</key>
			<string>PBXBuildFile</string>
		</dict>
		<key>0AACFEC81874468B007DB704</key>
		<dict>
			<key>children</key>
			<array>
				<string>0AACFEC91874468B007DB704</string>
			</array>
			<key>currentVersion</key>
			<string>0AACFEC91874468B007DB704</string>
			<key>isa</key>
			<string>XCVersionGroup</string>
			<key>path</key>
			<string>PhotoGallery.xcdatamodeld</string>
			<key>sourceTree</key>
			<string>&lt;group&gt;</string>
			<key>versionGroupType</key>
			<string>wrapper.xcdatamodel</string>
		</dict>
		<key>0AACFEC91874468B007DB704</key>
		<dict>
			<key>isa</key>
			<string>PBXFileReference</string>
			<key>lastKnownFileType</key>
			<string>wrapper.xcdatamodel</string>
			<key>path</key>
			<string>PhotoGallery.xcdatamodel</string>
			<key>sourceTree</key>
			<string>&lt;group&gt;</string>
		</dict>
		<key>0AACFECA1874468B007DB704</key>
		<dict>
			<key>fileRef</key>
			<string>0AACFEC81874468B007DB704</string>
			<key>isa</key>
			<string>PBXBuildFile</string>
		</dict>
		<key>0AACFECB1874468B007DB704</key>
		<dict>
			<key>buildActionMask</key>
			<string>2147483647</string>
			<key>files</key>
			<array>
				<string>0A2CEDFD187ABEFD00187CEC</string>
				<string>0A2CEE00187AC44A00187CEC</string>
				<string>0A2CEE11187B440F00187CEC</string>
				<string>0A2CEE17187B55B200187CEC</string>
			</array>
			<key>isa</key>
			<string>PBXSourcesBuildPhase</string>
			<key>runOnlyForDeploymentPostprocessing</key>
			<string>0</string>
		</dict>
		<key>0AACFECC1874468B007DB704</key>
		<dict>
			<key>buildActionMask</key>
			<string>2147483647</string>
			<key>files</key>
			<array>
				<string>0A2CEE12187B508C00187CEC</string>
				<string>0AACFED21874468B007DB704</string>
				<string>0AACFED31874468B007DB704</string>
				<string>0AACFED41874468B007DB704</string>
				<string>0AACFED51874468B007DB704</string>
				<string>7B18190F017C4468922DA6B9</string>
			</array>
			<key>isa</key>
			<string>PBXFrameworksBuildPhase</string>
			<key>runOnlyForDeploymentPostprocessing</key>
			<string>0</string>
		</dict>
		<key>0AACFECD1874468B007DB704</key>
		<dict>
			<key>buildActionMask</key>
			<string>2147483647</string>
			<key>files</key>
			<array>
				<string>0AACFEDD1874468B007DB704</string>
			</array>
			<key>isa</key>
			<string>PBXResourcesBuildPhase</string>
			<key>runOnlyForDeploymentPostprocessing</key>
			<string>0</string>
		</dict>
		<key>0AACFECE1874468B007DB704</key>
		<dict>
			<key>buildActionMask</key>
			<string>2147483647</string>
			<key>files</key>
			<array/>
			<key>inputPaths</key>
			<array/>
			<key>isa</key>
			<string>PBXShellScriptBuildPhase</string>
			<key>outputPaths</key>
			<array/>
			<key>runOnlyForDeploymentPostprocessing</key>
			<string>0</string>
			<key>shellPath</key>
			<string>/bin/sh</string>
			<key>shellScript</key>
			<string># Run the unit tests in this test bundle.
"${SYSTEM_DEVELOPER_DIR}/Tools/RunUnitTests"
</string>
		</dict>
		<key>0AACFECF1874468B007DB704</key>
		<dict>
			<key>buildConfigurationList</key>
			<string>0AACFEE61874468B007DB704</string>
			<key>buildPhases</key>
			<array>
				<string>6551AD2C06E147DC9C44DD35</string>
				<string>0AACFECB1874468B007DB704</string>
				<string>0AACFECC1874468B007DB704</string>
				<string>0AACFECD1874468B007DB704</string>
				<string>0AACFECE1874468B007DB704</string>
				<string>C7D1AAC65E854C97A08CE987</string>
			</array>
			<key>buildRules</key>
			<array/>
			<key>dependencies</key>
			<array>
				<string>0AACFED71874468B007DB704</string>
			</array>
			<key>isa</key>
			<string>PBXNativeTarget</string>
			<key>name</key>
			<string>PhotoGalleryTests</string>
			<key>productName</key>
			<string>PhotoGalleryTests</string>
			<key>productReference</key>
			<string>0AACFED01874468B007DB704</string>
			<key>productType</key>
			<string>com.apple.product-type.bundle</string>
		</dict>
		<key>0AACFED01874468B007DB704</key>
		<dict>
			<key>explicitFileType</key>
			<string>wrapper.cfbundle</string>
			<key>includeInIndex</key>
			<string>0</string>
			<key>isa</key>
			<string>PBXFileReference</string>
			<key>path</key>
			<string>PhotoGalleryTests.octest</string>
			<key>sourceTree</key>
			<string>BUILT_PRODUCTS_DIR</string>
		</dict>
		<key>0AACFED11874468B007DB704</key>
		<dict>
			<key>isa</key>
			<string>PBXFileReference</string>
			<key>lastKnownFileType</key>
			<string>wrapper.framework</string>
			<key>name</key>
			<string>SenTestingKit.framework</string>
			<key>path</key>
			<string>Library/Frameworks/SenTestingKit.framework</string>
			<key>sourceTree</key>
			<string>DEVELOPER_DIR</string>
		</dict>
		<key>0AACFED21874468B007DB704</key>
		<dict>
			<key>fileRef</key>
			<string>0AACFED11874468B007DB704</string>
			<key>isa</key>
			<string>PBXBuildFile</string>
		</dict>
		<key>0AACFED31874468B007DB704</key>
		<dict>
			<key>fileRef</key>
			<string>0AACFEAE1874468B007DB704</string>
			<key>isa</key>
			<string>PBXBuildFile</string>
		</dict>
		<key>0AACFED41874468B007DB704</key>
		<dict>
			<key>fileRef</key>
			<string>0AACFEB01874468B007DB704</string>
			<key>isa</key>
			<string>PBXBuildFile</string>
		</dict>
		<key>0AACFED51874468B007DB704</key>
		<dict>
			<key>fileRef</key>
			<string>0AACFEB41874468B007DB704</string>
			<key>isa</key>
			<string>PBXBuildFile</string>
		</dict>
		<key>0AACFED61874468B007DB704</key>
		<dict>
			<key>containerPortal</key>
			<string>0AACFEA11874468B007DB704</string>
			<key>isa</key>
			<string>PBXContainerItemProxy</string>
			<key>proxyType</key>
			<string>1</string>
			<key>remoteGlobalIDString</key>
			<string>0AACFEA91874468B007DB704</string>
			<key>remoteInfo</key>
			<string>PhotoGallery</string>
		</dict>
		<key>0AACFED71874468B007DB704</key>
		<dict>
			<key>isa</key>
			<string>PBXTargetDependency</string>
			<key>target</key>
			<string>0AACFEA91874468B007DB704</string>
			<key>targetProxy</key>
			<string>0AACFED61874468B007DB704</string>
		</dict>
		<key>0AACFED81874468B007DB704</key>
		<dict>
			<key>children</key>
			<array>
				<string>0A2CEDFC187ABEFD00187CEC</string>
				<string>0A2CEE10187B440F00187CEC</string>
				<string>0A2CEE16187B55B200187CEC</string>
				<string>0A2CEDFF187AC44A00187CEC</string>
				<string>0AACFED91874468B007DB704</string>
			</array>
			<key>isa</key>
			<string>PBXGroup</string>
			<key>path</key>
			<string>PhotoGalleryTests</string>
			<key>sourceTree</key>
			<string>&lt;group&gt;</string>
		</dict>
		<key>0AACFED91874468B007DB704</key>
		<dict>
			<key>children</key>
			<array>
				<string>0A2CEE13187B53E400187CEC</string>
				<string>0AACFEDA1874468B007DB704</string>
				<string>0AACFEDB1874468B007DB704</string>
			</array>
			<key>isa</key>
			<string>PBXGroup</string>
			<key>name</key>
			<string>Supporting Files</string>
			<key>sourceTree</key>
			<string>&lt;group&gt;</string>
		</dict>
		<key>0AACFEDA1874468B007DB704</key>
		<dict>
			<key>isa</key>
			<string>PBXFileReference</string>
			<key>lastKnownFileType</key>
			<string>text.plist.xml</string>
			<key>path</key>
			<string>PhotoGalleryTests-Info.plist</string>
			<key>sourceTree</key>
			<string>&lt;group&gt;</string>
		</dict>
		<key>0AACFEDB1874468B007DB704</key>
		<dict>
			<key>children</key>
			<array>
				<string>0AACFEDC1874468B007DB704</string>
			</array>
			<key>isa</key>
			<string>PBXVariantGroup</string>
			<key>name</key>
			<string>InfoPlist.strings</string>
			<key>sourceTree</key>
			<string>&lt;group&gt;</string>
		</dict>
		<key>0AACFEDC1874468B007DB704</key>
		<dict>
			<key>isa</key>
			<string>PBXFileReference</string>
			<key>lastKnownFileType</key>
			<string>text.plist.strings</string>
			<key>name</key>
			<string>en</string>
			<key>path</key>
			<string>en.lproj/InfoPlist.strings</string>
			<key>sourceTree</key>
			<string>&lt;group&gt;</string>
		</dict>
		<key>0AACFEDD1874468B007DB704</key>
		<dict>
			<key>fileRef</key>
			<string>0AACFEDB1874468B007DB704</string>
			<key>isa</key>
			<string>PBXBuildFile</string>
		</dict>
		<key>0AACFEE11874468B007DB704</key>
		<dict>
			<key>buildSettings</key>
			<dict>
				<key>ALWAYS_SEARCH_USER_PATHS</key>
				<string>NO</string>
				<key>CLANG_CXX_LANGUAGE_STANDARD</key>
				<string>gnu++0x</string>
				<key>CLANG_CXX_LIBRARY</key>
				<string>libc++</string>
				<key>CLANG_ENABLE_OBJC_ARC</key>
				<string>YES</string>
				<key>CLANG_WARN_EMPTY_BODY</key>
				<string>YES</string>
				<key>CLANG_WARN__DUPLICATE_METHOD_MATCH</key>
				<string>YES</string>
				<key>CODE_SIGN_IDENTITY[sdk=iphoneos*]</key>
				<string>iPhone Developer</string>
				<key>COPY_PHASE_STRIP</key>
				<string>NO</string>
				<key>GCC_C_LANGUAGE_STANDARD</key>
				<string>gnu99</string>
				<key>GCC_DYNAMIC_NO_PIC</key>
				<string>NO</string>
				<key>GCC_OPTIMIZATION_LEVEL</key>
				<string>0</string>
				<key>GCC_PREPROCESSOR_DEFINITIONS</key>
				<array>
					<string>DEBUG=1</string>
					<string>$(inherited)</string>
				</array>
				<key>GCC_SYMBOLS_PRIVATE_EXTERN</key>
				<string>NO</string>
				<key>GCC_WARN_ABOUT_RETURN_TYPE</key>
				<string>YES</string>
				<key>GCC_WARN_UNINITIALIZED_AUTOS</key>
				<string>YES</string>
				<key>GCC_WARN_UNUSED_VARIABLE</key>
				<string>YES</string>
				<key>IPHONEOS_DEPLOYMENT_TARGET</key>
				<string>6.0</string>
				<key>ONLY_ACTIVE_ARCH</key>
				<string>YES</string>
				<key>SDKROOT</key>
				<string>iphoneos</string>
			</dict>
			<key>isa</key>
			<string>XCBuildConfiguration</string>
			<key>name</key>
			<string>Debug</string>
		</dict>
		<key>0AACFEE21874468B007DB704</key>
		<dict>
			<key>buildSettings</key>
			<dict>
				<key>ALWAYS_SEARCH_USER_PATHS</key>
				<string>NO</string>
				<key>CLANG_CXX_LANGUAGE_STANDARD</key>
				<string>gnu++0x</string>
				<key>CLANG_CXX_LIBRARY</key>
				<string>libc++</string>
				<key>CLANG_ENABLE_OBJC_ARC</key>
				<string>YES</string>
				<key>CLANG_WARN_EMPTY_BODY</key>
				<string>YES</string>
				<key>CLANG_WARN__DUPLICATE_METHOD_MATCH</key>
				<string>YES</string>
				<key>CODE_SIGN_IDENTITY[sdk=iphoneos*]</key>
				<string>iPhone Developer</string>
				<key>COPY_PHASE_STRIP</key>
				<string>YES</string>
				<key>GCC_C_LANGUAGE_STANDARD</key>
				<string>gnu99</string>
				<key>GCC_WARN_ABOUT_RETURN_TYPE</key>
				<string>YES</string>
				<key>GCC_WARN_UNINITIALIZED_AUTOS</key>
				<string>YES</string>
				<key>GCC_WARN_UNUSED_VARIABLE</key>
				<string>YES</string>
				<key>IPHONEOS_DEPLOYMENT_TARGET</key>
				<string>6.0</string>
				<key>OTHER_CFLAGS</key>
				<string>-DNS_BLOCK_ASSERTIONS=1</string>
				<key>SDKROOT</key>
				<string>iphoneos</string>
				<key>VALIDATE_PRODUCT</key>
				<string>YES</string>
			</dict>
			<key>isa</key>
			<string>XCBuildConfiguration</string>
			<key>name</key>
			<string>Release</string>
		</dict>
		<key>0AACFEE31874468B007DB704</key>
		<dict>
			<key>buildConfigurations</key>
			<array>
				<string>0AACFEE41874468B007DB704</string>
				<string>0AACFEE51874468B007DB704</string>
			</array>
			<key>defaultConfigurationIsVisible</key>
			<string>0</string>
			<key>defaultConfigurationName</key>
			<string>Release</string>
			<key>isa</key>
			<string>XCConfigurationList</string>
		</dict>
		<key>0AACFEE41874468B007DB704</key>
		<dict>
			<key>baseConfigurationReference</key>
			<string>5C94B39B0E4947B48FEEEA2F</string>
			<key>buildSettings</key>
			<dict>
				<key>GCC_PRECOMPILE_PREFIX_HEADER</key>
				<string>YES</string>
				<key>GCC_PREFIX_HEADER</key>
				<string>PhotoGallery/PhotoGallery-Prefix.pch</string>
				<key>INFOPLIST_FILE</key>
				<string>PhotoGallery/PhotoGallery-Info.plist</string>
				<key>PRODUCT_NAME</key>
				<string>$(TARGET_NAME)</string>
				<key>WRAPPER_EXTENSION</key>
				<string>app</string>
			</dict>
			<key>isa</key>
			<string>XCBuildConfiguration</string>
			<key>name</key>
			<string>Debug</string>
		</dict>
		<key>0AACFEE51874468B007DB704</key>
		<dict>
			<key>baseConfigurationReference</key>
			<string>5C94B39B0E4947B48FEEEA2F</string>
			<key>buildSettings</key>
			<dict>
				<key>GCC_PRECOMPILE_PREFIX_HEADER</key>
				<string>YES</string>
				<key>GCC_PREFIX_HEADER</key>
				<string>PhotoGallery/PhotoGallery-Prefix.pch</string>
				<key>INFOPLIST_FILE</key>
				<string>PhotoGallery/PhotoGallery-Info.plist</string>
				<key>PRODUCT_NAME</key>
				<string>$(TARGET_NAME)</string>
				<key>WRAPPER_EXTENSION</key>
				<string>app</string>
			</dict>
			<key>isa</key>
			<string>XCBuildConfiguration</string>
			<key>name</key>
			<string>Release</string>
		</dict>
		<key>0AACFEE61874468B007DB704</key>
		<dict>
			<key>buildConfigurations</key>
			<array>
				<string>0AACFEE71874468B007DB704</string>
				<string>0AACFEE81874468B007DB704</string>
			</array>
			<key>defaultConfigurationIsVisible</key>
			<string>0</string>
			<key>defaultConfigurationName</key>
			<string>Release</string>
			<key>isa</key>
			<string>XCConfigurationList</string>
		</dict>
		<key>0AACFEE71874468B007DB704</key>
		<dict>
			<key>baseConfigurationReference</key>
			<string>E31F1462B6C5401782521891</string>
			<key>buildSettings</key>
			<dict>
				<key>BUNDLE_LOADER</key>
				<string>$(BUILT_PRODUCTS_DIR)/PhotoGallery.app/PhotoGallery</string>
				<key>FRAMEWORK_SEARCH_PATHS</key>
				<array>
					<string>"$(SDKROOT)/Developer/Library/Frameworks"</string>
					<string>"$(DEVELOPER_LIBRARY_DIR)/Frameworks"</string>
				</array>
				<key>GCC_PRECOMPILE_PREFIX_HEADER</key>
				<string>YES</string>
				<key>GCC_PREFIX_HEADER</key>
				<string>PhotoGallery/PhotoGallery-Prefix.pch</string>
				<key>INFOPLIST_FILE</key>
				<string>PhotoGalleryTests/PhotoGalleryTests-Info.plist</string>
				<key>PRODUCT_NAME</key>
				<string>$(TARGET_NAME)</string>
				<key>TEST_HOST</key>
				<string>$(BUNDLE_LOADER)</string>
				<key>WRAPPER_EXTENSION</key>
				<string>octest</string>
			</dict>
			<key>isa</key>
			<string>XCBuildConfiguration</string>
			<key>name</key>
			<string>Debug</string>
		</dict>
		<key>0AACFEE81874468B007DB704</key>
		<dict>
			<key>baseConfigurationReference</key>
			<string>E31F1462B6C5401782521891</string>
			<key>buildSettings</key>
			<dict>
				<key>BUNDLE_LOADER</key>
				<string>$(BUILT_PRODUCTS_DIR)/PhotoGallery.app/PhotoGallery</string>
				<key>FRAMEWORK_SEARCH_PATHS</key>
				<array>
					<string>"$(SDKROOT)/Developer/Library/Frameworks"</string>
					<string>"$(DEVELOPER_LIBRARY_DIR)/Frameworks"</string>
				</array>
				<key>GCC_PRECOMPILE_PREFIX_HEADER</key>
				<string>YES</string>
				<key>GCC_PREFIX_HEADER</key>
				<string>PhotoGallery/PhotoGallery-Prefix.pch</string>
				<key>INFOPLIST_FILE</key>
				<string>PhotoGalleryTests/PhotoGalleryTests-Info.plist</string>
				<key>PRODUCT_NAME</key>
				<string>$(TARGET_NAME)</string>
				<key>TEST_HOST</key>
				<string>$(BUNDLE_LOADER)</string>
				<key>WRAPPER_EXTENSION</key>
				<string>octest</string>
			</dict>
			<key>isa</key>
			<string>XCBuildConfiguration</string>
			<key>name</key>
			<string>Release</string>
		</dict>
		<key>0AACFEE9187457CA007DB704</key>
		<dict>
			<key>children</key>
			<array>
				<string>0AACFEC81874468B007DB704</string>
				<string>0AACFF031874A220007DB704</string>
				<string>0AACFF041874A220007DB704</string>
				<string>0AACFEED18747138007DB704</string>
				<string>0ADBEABA187DB5ED00A59F79</string>
				<string>0ADBEAAA187D8B1D00A59F79</string>
				<string>0ADBEAAB187D8B1D00A59F79</string>
			</array>
			<key>isa</key>
			<string>PBXGroup</string>
			<key>name</key>
			<string>Data storage</string>
			<key>sourceTree</key>
			<string>&lt;group&gt;</string>
		</dict>
		<key>0AACFEEA18745806007DB704</key>
		<dict>
			<key>fileEncoding</key>
			<string>4</string>
			<key>isa</key>
			<string>PBXFileReference</string>
			<key>lastKnownFileType</key>
			<string>sourcecode.c.h</string>
			<key>path</key>
			<string>ICloudEnabledStorage.h</string>
			<key>sourceTree</key>
			<string>&lt;group&gt;</string>
		</dict>
		<key>0AACFEEB18745806007DB704</key>
		<dict>
			<key>fileEncoding</key>
			<string>4</string>
			<key>isa</key>
			<string>PBXFileReference</string>
			<key>lastKnownFileType</key>
			<string>sourcecode.c.objc</string>
			<key>path</key>
			<string>ICloudEnabledStorage.m</string>
			<key>sourceTree</key>
			<string>&lt;group&gt;</string>
		</dict>
		<key>0AACFEEC18745806007DB704</key>
		<dict>
			<key>fileRef</key>
			<string>0AACFEEB18745806007DB704</string>
			<key>isa</key>
			<string>PBXBuildFile</string>
		</dict>
		<key>0AACFEED18747138007DB704</key>
		<dict>
			<key>isa</key>
			<string>PBXFileReference</string>
			<key>lastKnownFileType</key>
			<string>text.xml</string>
			<key>path</key>
			<string>PhotoGallery.entitlements</string>
			<key>sourceTree</key>
			<string>&lt;group&gt;</string>
		</dict>
		<key>0AACFEEE18747292007DB704</key>
		<dict>
			<key>fileEncoding</key>
			<string>4</string>
			<key>isa</key>
			<string>PBXFileReference</string>
			<key>lastKnownFileType</key>
			<string>file.storyboard</string>
			<key>path</key>
			<string>Storyboard.storyboard</string>
			<key>sourceTree</key>
			<string>&lt;group&gt;</string>
		</dict>
		<key>0AACFEEF18747292007DB704</key>
		<dict>
			<key>fileRef</key>
			<string>0AACFEEE18747292007DB704</string>
			<key>isa</key>
			<string>PBXBuildFile</string>
		</dict>
		<key>0AACFEF0187476D2007DB704</key>
		<dict>
			<key>fileEncoding</key>
			<string>4</string>
			<key>isa</key>
			<string>PBXFileReference</string>
			<key>lastKnownFileType</key>
			<string>sourcecode.c.h</string>
			<key>path</key>
			<string>PhotoPickerViewController.h</string>
			<key>sourceTree</key>
			<string>&lt;group&gt;</string>
		</dict>
		<key>0AACFEF1187476D2007DB704</key>
		<dict>
			<key>fileEncoding</key>
			<string>4</string>
			<key>isa</key>
			<string>PBXFileReference</string>
			<key>lastKnownFileType</key>
			<string>sourcecode.c.objc</string>
			<key>path</key>
			<string>PhotoPickerViewController.m</string>
			<key>sourceTree</key>
			<string>&lt;group&gt;</string>
		</dict>
		<key>0AACFEF2187476D2007DB704</key>
		<dict>
			<key>fileRef</key>
			<string>0AACFEF1187476D2007DB704</string>
			<key>isa</key>
			<string>PBXBuildFile</string>
		</dict>
		<key>0AACFEF3187476F0007DB704</key>
		<dict>
			<key>children</key>
			<array>
				<string>0AACFEEE18747292007DB704</string>
				<string>0AACFEFC18748AC8007DB704</string>
				<string>0AACFEF818748922007DB704</string>
				<string>0AACFEF4187476FE007DB704</string>
				<string>0AD20F2C1874BB2F008E61FF</string>
				<string>0ABAE46B1875C633002ECF1E</string>
				<string>0ADBEA98187B74F600A59F79</string>
				<string>0ADBEA99187B74F700A59F79</string>
				<string>0ADBEA9C187B79E100A59F79</string>
				<string>0ADBEA9D187B79E100A59F79</string>
			</array>
			<key>isa</key>
			<string>PBXGroup</string>
			<key>name</key>
			<string>Views</string>
			<key>sourceTree</key>
			<string>&lt;group&gt;</string>
		</dict>
		<key>0AACFEF4187476FE007DB704</key>
		<dict>
			<key>children</key>
			<array>
				<string>0AACFEF0187476D2007DB704</string>
				<string>0AACFEF1187476D2007DB704</string>
			</array>
			<key>isa</key>
			<string>PBXGroup</string>
			<key>name</key>
			<string>Photo picker</string>
			<key>sourceTree</key>
			<string>&lt;group&gt;</string>
		</dict>
		<key>0AACFEF818748922007DB704</key>
		<dict>
			<key>children</key>
			<array>
				<string>0AACFEF91874894D007DB704</string>
				<string>0AACFEFA1874894D007DB704</string>
			</array>
			<key>isa</key>
			<string>PBXGroup</string>
			<key>name</key>
			<string>Preferences view</string>
			<key>sourceTree</key>
			<string>&lt;group&gt;</string>
		</dict>
		<key>0AACFEF91874894D007DB704</key>
		<dict>
			<key>fileEncoding</key>
			<string>4</string>
			<key>isa</key>
			<string>PBXFileReference</string>
			<key>lastKnownFileType</key>
			<string>sourcecode.c.h</string>
			<key>path</key>
			<string>PreferencesViewController.h</string>
			<key>sourceTree</key>
			<string>&lt;group&gt;</string>
		</dict>
		<key>0AACFEFA1874894D007DB704</key>
		<dict>
			<key>fileEncoding</key>
			<string>4</string>
			<key>isa</key>
			<string>PBXFileReference</string>
			<key>lastKnownFileType</key>
			<string>sourcecode.c.objc</string>
			<key>path</key>
			<string>PreferencesViewController.m</string>
			<key>sourceTree</key>
			<string>&lt;group&gt;</string>
		</dict>
		<key>0AACFEFB1874894D007DB704</key>
		<dict>
			<key>fileRef</key>
			<string>0AACFEFA1874894D007DB704</string>
			<key>isa</key>
			<string>PBXBuildFile</string>
		</dict>
		<key>0AACFEFC18748AC8007DB704</key>
		<dict>
			<key>children</key>
			<array>
				<string>0AACFEFD18748AEC007DB704</string>
				<string>0AACFEFE18748AEC007DB704</string>
				<string>0AACFF0018748B20007DB704</string>
				<string>0AACFF0118748B20007DB704</string>
				<string>0AD20F2D1874C24A008E61FF</string>
				<string>0AD20F2E1874C24A008E61FF</string>
			</array>
			<key>isa</key>
			<string>PBXGroup</string>
			<key>name</key>
			<string>Master view</string>
			<key>sourceTree</key>
			<string>&lt;group&gt;</string>
		</dict>
		<key>0AACFEFD18748AEC007DB704</key>
		<dict>
			<key>fileEncoding</key>
			<string>4</string>
			<key>isa</key>
			<string>PBXFileReference</string>
			<key>lastKnownFileType</key>
			<string>sourcecode.c.h</string>
			<key>path</key>
			<string>PhotoGalleryViewController.h</string>
			<key>sourceTree</key>
			<string>&lt;group&gt;</string>
		</dict>
		<key>0AACFEFE18748AEC007DB704</key>
		<dict>
			<key>fileEncoding</key>
			<string>4</string>
			<key>isa</key>
			<string>PBXFileReference</string>
			<key>lastKnownFileType</key>
			<string>sourcecode.c.objc</string>
			<key>path</key>
			<string>PhotoGalleryViewController.m</string>
			<key>sourceTree</key>
			<string>&lt;group&gt;</string>
		</dict>
		<key>0AACFEFF18748AEC007DB704</key>
		<dict>
			<key>fileRef</key>
			<string>0AACFEFE18748AEC007DB704</string>
			<key>isa</key>
			<string>PBXBuildFile</string>
		</dict>
		<key>0AACFF0018748B20007DB704</key>
		<dict>
			<key>fileEncoding</key>
			<string>4</string>
			<key>isa</key>
			<string>PBXFileReference</string>
			<key>lastKnownFileType</key>
			<string>sourcecode.c.h</string>
			<key>path</key>
			<string>PhotosTableDataSource.h</string>
			<key>sourceTree</key>
			<string>&lt;group&gt;</string>
		</dict>
		<key>0AACFF0118748B20007DB704</key>
		<dict>
			<key>fileEncoding</key>
			<string>4</string>
			<key>isa</key>
			<string>PBXFileReference</string>
			<key>lastKnownFileType</key>
			<string>sourcecode.c.objc</string>
			<key>path</key>
			<string>PhotosTableDataSource.m</string>
			<key>sourceTree</key>
			<string>&lt;group&gt;</string>
		</dict>
		<key>0AACFF0218748B20007DB704</key>
		<dict>
			<key>fileRef</key>
			<string>0AACFF0118748B20007DB704</string>
			<key>isa</key>
			<string>PBXBuildFile</string>
		</dict>
		<key>0AACFF031874A220007DB704</key>
		<dict>
			<key>fileEncoding</key>
			<string>4</string>
			<key>isa</key>
			<string>PBXFileReference</string>
			<key>lastKnownFileType</key>
			<string>sourcecode.c.h</string>
			<key>path</key>
			<string>Photo.h</string>
			<key>sourceTree</key>
			<string>&lt;group&gt;</string>
		</dict>
		<key>0AACFF041874A220007DB704</key>
		<dict>
			<key>fileEncoding</key>
			<string>4</string>
			<key>isa</key>
			<string>PBXFileReference</string>
			<key>lastKnownFileType</key>
			<string>sourcecode.c.objc</string>
			<key>path</key>
			<string>Photo.m</string>
			<key>sourceTree</key>
			<string>&lt;group&gt;</string>
		</dict>
		<key>0AACFF051874A220007DB704</key>
		<dict>
			<key>fileRef</key>
			<string>0AACFF041874A220007DB704</string>
			<key>isa</key>
			<string>PBXBuildFile</string>
		</dict>
		<key>0AACFF061874A2A6007DB704</key>
		<dict>
			<key>isa</key>
			<string>PBXFileReference</string>
			<key>lastKnownFileType</key>
			<string>wrapper.framework</string>
			<key>name</key>
			<string>CoreLocation.framework</string>
			<key>path</key>
			<string>System/Library/Frameworks/CoreLocation.framework</string>
			<key>sourceTree</key>
			<string>SDKROOT</string>
		</dict>
		<key>0AACFF071874A2A7007DB704</key>
		<dict>
			<key>fileRef</key>
			<string>0AACFF061874A2A6007DB704</string>
			<key>isa</key>
			<string>PBXBuildFile</string>
		</dict>
		<key>0AACFF081874A828007DB704</key>
		<dict>
			<key>children</key>
			<array>
				<string>0AACFF091874A837007DB704</string>
				<string>0AACFF0A1874A837007DB704</string>
			</array>
			<key>isa</key>
			<string>PBXGroup</string>
			<key>name</key>
			<string>Utils</string>
			<key>sourceTree</key>
			<string>&lt;group&gt;</string>
		</dict>
		<key>0AACFF091874A837007DB704</key>
		<dict>
			<key>fileEncoding</key>
			<string>4</string>
			<key>isa</key>
			<string>PBXFileReference</string>
			<key>lastKnownFileType</key>
			<string>sourcecode.c.h</string>
			<key>path</key>
			<string>PGUtils.h</string>
			<key>sourceTree</key>
			<string>&lt;group&gt;</string>
		</dict>
		<key>0AACFF0A1874A837007DB704</key>
		<dict>
			<key>fileEncoding</key>
			<string>4</string>
			<key>isa</key>
			<string>PBXFileReference</string>
			<key>lastKnownFileType</key>
			<string>sourcecode.c.objc</string>
			<key>path</key>
			<string>PGUtils.m</string>
			<key>sourceTree</key>
			<string>&lt;group&gt;</string>
		</dict>
		<key>0AACFF0B1874A837007DB704</key>
		<dict>
			<key>fileRef</key>
			<string>0AACFF0A1874A837007DB704</string>
			<key>isa</key>
			<string>PBXBuildFile</string>
		</dict>
		<key>0ABAE4671875C625002ECF1E</key>
		<dict>
			<key>fileEncoding</key>
			<string>4</string>
			<key>isa</key>
			<string>PBXFileReference</string>
			<key>lastKnownFileType</key>
			<string>sourcecode.c.h</string>
			<key>path</key>
			<string>PhotoDetailViewController.h</string>
			<key>sourceTree</key>
			<string>&lt;group&gt;</string>
		</dict>
		<key>0ABAE4681875C625002ECF1E</key>
		<dict>
			<key>fileEncoding</key>
			<string>4</string>
			<key>isa</key>
			<string>PBXFileReference</string>
			<key>lastKnownFileType</key>
			<string>sourcecode.c.objc</string>
			<key>path</key>
			<string>PhotoDetailViewController.m</string>
			<key>sourceTree</key>
			<string>&lt;group&gt;</string>
		</dict>
		<key>0ABAE4691875C625002ECF1E</key>
		<dict>
			<key>fileRef</key>
			<string>0ABAE4681875C625002ECF1E</string>
			<key>isa</key>
			<string>PBXBuildFile</string>
		</dict>
		<key>0ABAE46B1875C633002ECF1E</key>
		<dict>
			<key>children</key>
			<array>
				<string>0ABAE4671875C625002ECF1E</string>
				<string>0ABAE4681875C625002ECF1E</string>
			</array>
			<key>isa</key>
			<string>PBXGroup</string>
			<key>name</key>
			<string>Detail view</string>
			<key>sourceTree</key>
			<string>&lt;group&gt;</string>
		</dict>
		<key>0ABAE46C1875D821002ECF1E</key>
		<dict>
			<key>isa</key>
			<string>PBXFileReference</string>
			<key>lastKnownFileType</key>
			<string>image.jpeg</string>
			<key>path</key>
			<string>dark-air.jpg</string>
			<key>sourceTree</key>
			<string>&lt;group&gt;</string>
		</dict>
		<key>0ABAE46D1875D821002ECF1E</key>
		<dict>
			<key>fileRef</key>
			<string>0ABAE46C1875D821002ECF1E</string>
			<key>isa</key>
			<string>PBXBuildFile</string>
		</dict>
		<key>0ACCCB5418772A14001268AA</key>
		<dict>
			<key>isa</key>
			<string>PBXFileReference</string>
			<key>lastKnownFileType</key>
			<string>image.png</string>
			<key>path</key>
			<string>strange.png</string>
			<key>sourceTree</key>
			<string>&lt;group&gt;</string>
		</dict>
		<key>0ACCCB5518772A14001268AA</key>
		<dict>
			<key>fileRef</key>
			<string>0ACCCB5418772A14001268AA</string>
			<key>isa</key>
			<string>PBXBuildFile</string>
		</dict>
		<key>0ACCCB5A18772ACA001268AA</key>
		<dict>
			<key>isa</key>
			<string>PBXFileReference</string>
			<key>lastKnownFileType</key>
			<string>image.png</string>
			<key>path</key>
			<string>and-cat.png</string>
			<key>sourceTree</key>
			<string>&lt;group&gt;</string>
		</dict>
		<key>0ACCCB5B18772ACA001268AA</key>
		<dict>
			<key>fileRef</key>
			<string>0ACCCB5A18772ACA001268AA</string>
			<key>isa</key>
			<string>PBXBuildFile</string>
		</dict>
		<key>0AD20F291874BB29008E61FF</key>
		<dict>
			<key>fileEncoding</key>
			<string>4</string>
			<key>isa</key>
			<string>PBXFileReference</string>
			<key>lastKnownFileType</key>
			<string>sourcecode.c.h</string>
			<key>path</key>
			<string>PhotoFiltersViewController.h</string>
			<key>sourceTree</key>
			<string>&lt;group&gt;</string>
		</dict>
		<key>0AD20F2A1874BB29008E61FF</key>
		<dict>
			<key>fileEncoding</key>
			<string>4</string>
			<key>isa</key>
			<string>PBXFileReference</string>
			<key>lastKnownFileType</key>
			<string>sourcecode.c.objc</string>
			<key>path</key>
			<string>PhotoFiltersViewController.m</string>
			<key>sourceTree</key>
			<string>&lt;group&gt;</string>
		</dict>
		<key>0AD20F2B1874BB29008E61FF</key>
		<dict>
			<key>fileRef</key>
			<string>0AD20F2A1874BB29008E61FF</string>
			<key>isa</key>
			<string>PBXBuildFile</string>
		</dict>
		<key>0AD20F2C1874BB2F008E61FF</key>
		<dict>
			<key>children</key>
			<array>
				<string>0AD20F291874BB29008E61FF</string>
				<string>0AD20F2A1874BB29008E61FF</string>
				<string>0A2CEE1B187B562D00187CEC</string>
			</array>
			<key>isa</key>
			<string>PBXGroup</string>
			<key>name</key>
			<string>Photo filters view</string>
			<key>sourceTree</key>
			<string>&lt;group&gt;</string>
		</dict>
		<key>0AD20F2D1874C24A008E61FF</key>
		<dict>
			<key>fileEncoding</key>
			<string>4</string>
			<key>isa</key>
			<string>PBXFileReference</string>
			<key>lastKnownFileType</key>
			<string>sourcecode.c.h</string>
			<key>path</key>
			<string>PhotoGalleryCell.h</string>
			<key>sourceTree</key>
			<string>&lt;group&gt;</string>
		</dict>
		<key>0AD20F2E1874C24A008E61FF</key>
		<dict>
			<key>fileEncoding</key>
			<string>4</string>
			<key>isa</key>
			<string>PBXFileReference</string>
			<key>lastKnownFileType</key>
			<string>sourcecode.c.objc</string>
			<key>path</key>
			<string>PhotoGalleryCell.m</string>
			<key>sourceTree</key>
			<string>&lt;group&gt;</string>
		</dict>
		<key>0AD20F2F1874C24A008E61FF</key>
		<dict>
			<key>fileRef</key>
			<string>0AD20F2E1874C24A008E61FF</string>
			<key>isa</key>
			<string>PBXBuildFile</string>
		</dict>
		<key>0AD20F301875931A008E61FF</key>
		<dict>
			<key>children</key>
			<array>
				<string>0ACCCB5418772A14001268AA</string>
				<string>0ACCCB5A18772ACA001268AA</string>
				<string>0AD20F3318759339008E61FF</string>
				<string>0ABAE46C1875D821002ECF1E</string>
				<string>0AD20F311875932B008E61FF</string>
			</array>
			<key>isa</key>
			<string>PBXGroup</string>
			<key>name</key>
			<string>photos</string>
			<key>sourceTree</key>
			<string>&lt;group&gt;</string>
		</dict>
		<key>0AD20F311875932B008E61FF</key>
		<dict>
			<key>isa</key>
			<string>PBXFileReference</string>
			<key>lastKnownFileType</key>
			<string>image.jpeg</string>
			<key>path</key>
			<string>wallmen.jpg</string>
			<key>sourceTree</key>
			<string>&lt;group&gt;</string>
		</dict>
		<key>0AD20F321875932B008E61FF</key>
		<dict>
			<key>fileRef</key>
			<string>0AD20F311875932B008E61FF</string>
			<key>isa</key>
			<string>PBXBuildFile</string>
		</dict>
		<key>0AD20F3318759339008E61FF</key>
		<dict>
			<key>isa</key>
			<string>PBXFileReference</string>
			<key>lastKnownFileType</key>
			<string>image.jpeg</string>
			<key>path</key>
			<string>BiOmega.jpg</string>
			<key>sourceTree</key>
			<string>&lt;group&gt;</string>
		</dict>
		<key>0AD20F3418759339008E61FF</key>
		<dict>
			<key>fileRef</key>
			<string>0AD20F3318759339008E61FF</string>
			<key>isa</key>
			<string>PBXBuildFile</string>
		</dict>
		<key>0ADBEA98187B74F600A59F79</key>
		<dict>
			<key>fileEncoding</key>
			<string>4</string>
			<key>isa</key>
			<string>PBXFileReference</string>
			<key>lastKnownFileType</key>
			<string>sourcecode.c.h</string>
			<key>path</key>
			<string>DelayedLoadingCell.h</string>
			<key>sourceTree</key>
			<string>&lt;group&gt;</string>
		</dict>
		<key>0ADBEA99187B74F700A59F79</key>
		<dict>
			<key>fileEncoding</key>
			<string>4</string>
			<key>isa</key>
			<string>PBXFileReference</string>
			<key>lastKnownFileType</key>
			<string>sourcecode.c.objc</string>
			<key>path</key>
			<string>DelayedLoadingCell.m</string>
			<key>sourceTree</key>
			<string>&lt;group&gt;</string>
		</dict>
		<key>0ADBEA9A187B74F700A59F79</key>
		<dict>
			<key>fileRef</key>
			<string>0ADBEA99187B74F700A59F79</string>
			<key>isa</key>
			<string>PBXBuildFile</string>
		</dict>
		<key>0ADBEA9C187B79E100A59F79</key>
		<dict>
			<key>fileEncoding</key>
			<string>4</string>
			<key>isa</key>
			<string>PBXFileReference</string>
			<key>lastKnownFileType</key>
			<string>sourcecode.c.h</string>
			<key>path</key>
			<string>DelayedLoadingCollectionCell.h</string>
			<key>sourceTree</key>
			<string>&lt;group&gt;</string>
		</dict>
		<key>0ADBEA9D187B79E100A59F79</key>
		<dict>
			<key>fileEncoding</key>
			<string>4</string>
			<key>isa</key>
			<string>PBXFileReference</string>
			<key>lastKnownFileType</key>
			<string>sourcecode.c.objc</string>
			<key>path</key>
			<string>DelayedLoadingCollectionCell.m</string>
			<key>sourceTree</key>
			<string>&lt;group&gt;</string>
		</dict>
		<key>0ADBEA9E187B79E100A59F79</key>
		<dict>
			<key>fileRef</key>
			<string>0ADBEA9D187B79E100A59F79</string>
			<key>isa</key>
			<string>PBXBuildFile</string>
		</dict>
		<key>0ADBEAA6187D83E900A59F79</key>
		<dict>
			<key>fileEncoding</key>
			<string>4</string>
			<key>isa</key>
			<string>PBXFileReference</string>
			<key>lastKnownFileType</key>
			<string>sourcecode.c.h</string>
			<key>path</key>
			<string>iCloudDownload.h</string>
			<key>sourceTree</key>
			<string>&lt;group&gt;</string>
		</dict>
		<key>0ADBEAA7187D83E900A59F79</key>
		<dict>
			<key>fileEncoding</key>
			<string>4</string>
			<key>isa</key>
			<string>PBXFileReference</string>
			<key>lastKnownFileType</key>
			<string>sourcecode.c.objc</string>
			<key>path</key>
			<string>iCloudDownload.m</string>
			<key>sourceTree</key>
			<string>&lt;group&gt;</string>
		</dict>
		<key>0ADBEAA8187D83E900A59F79</key>
		<dict>
			<key>fileRef</key>
			<string>0ADBEAA7187D83E900A59F79</string>
			<key>isa</key>
			<string>PBXBuildFile</string>
		</dict>
		<key>0ADBEAAA187D8B1D00A59F79</key>
		<dict>
			<key>fileEncoding</key>
			<string>4</string>
			<key>isa</key>
			<string>PBXFileReference</string>
			<key>lastKnownFileType</key>
			<string>sourcecode.c.h</string>
			<key>path</key>
			<string>iCloudDownloadTestProxy.h</string>
			<key>sourceTree</key>
			<string>&lt;group&gt;</string>
		</dict>
		<key>0ADBEAAB187D8B1D00A59F79</key>
		<dict>
			<key>fileEncoding</key>
			<string>4</string>
			<key>isa</key>
			<string>PBXFileReference</string>
			<key>lastKnownFileType</key>
			<string>sourcecode.c.objc</string>
			<key>path</key>
			<string>iCloudDownloadTestProxy.m</string>
			<key>sourceTree</key>
			<string>&lt;group&gt;</string>
		</dict>
		<key>0ADBEAAC187D8B1D00A59F79</key>
		<dict>
			<key>fileRef</key>
			<string>0ADBEAAB187D8B1D00A59F79</string>
			<key>isa</key>
			<string>PBXBuildFile</string>
		</dict>
		<key>0ADBEAAD187D90EA00A59F79</key>
		<dict>
			<key>fileEncoding</key>
			<string>4</string>
			<key>isa</key>
			<string>PBXFileReference</string>
			<key>lastKnownFileType</key>
			<string>sourcecode.c.h</string>
			<key>path</key>
			<string>DataProxy.h</string>
			<key>sourceTree</key>
			<string>&lt;group&gt;</string>
		</dict>
		<key>0ADBEAAE187D90EA00A59F79</key>
		<dict>
			<key>fileEncoding</key>
			<string>4</string>
			<key>isa</key>
			<string>PBXFileReference</string>
			<key>lastKnownFileType</key>
			<string>sourcecode.c.objc</string>
			<key>path</key>
			<string>DataProxy.m</string>
			<key>sourceTree</key>
			<string>&lt;group&gt;</string>
		</dict>
		<key>0ADBEAAF187D90EA00A59F79</key>
		<dict>
			<key>fileRef</key>
			<string>0ADBEAAE187D90EA00A59F79</string>
			<key>isa</key>
			<string>PBXBuildFile</string>
		</dict>
		<key>0ADBEAB0187DADA900A59F79</key>
		<dict>
			<key>fileEncoding</key>
			<string>4</string>
			<key>isa</key>
			<string>PBXFileReference</string>
			<key>lastKnownFileType</key>
			<string>sourcecode.c.h</string>
			<key>path</key>
			<string>PGDataProxyContainer.h</string>
			<key>sourceTree</key>
			<string>&lt;group&gt;</string>
		</dict>
		<key>0ADBEAB1187DADA900A59F79</key>
		<dict>
			<key>fileEncoding</key>
			<string>4</string>
			<key>isa</key>
			<string>PBXFileReference</string>
			<key>lastKnownFileType</key>
			<string>sourcecode.c.objc</string>
			<key>path</key>
			<string>PGDataProxyContainer.m</string>
			<key>sourceTree</key>
			<string>&lt;group&gt;</string>
		</dict>
		<key>0ADBEAB2187DADA900A59F79</key>
		<dict>
			<key>fileRef</key>
			<string>0ADBEAB1187DADA900A59F79</string>
			<key>isa</key>
			<string>PBXBuildFile</string>
		</dict>
		<key>0ADBEABA187DB5ED00A59F79</key>
		<dict>
			<key>children</key>
			<array>
				<string>0ADBEAB0187DADA900A59F79</string>
				<string>0ADBEAB1187DADA900A59F79</string>
				<string>0AACFEEA18745806007DB704</string>
				<string>0AACFEEB18745806007DB704</string>
				<string>0ADBEABC187DC47600A59F79</string>
				<string>0ADBEABD187DC47600A59F79</string>
				<string>0ADBEAAD187D90EA00A59F79</string>
				<string>0ADBEAAE187D90EA00A59F79</string>
				<string>0ADBEAA6187D83E900A59F79</string>
				<string>0ADBEAA7187D83E900A59F79</string>
			</array>
			<key>isa</key>
			<string>PBXGroup</string>
			<key>name</key>
			<string>Data proxy wrappers &amp; imp</string>
			<key>sourceTree</key>
			<string>&lt;group&gt;</string>
		</dict>
		<key>0ADBEABC187DC47600A59F79</key>
		<dict>
			<key>fileEncoding</key>
			<string>4</string>
			<key>isa</key>
			<string>PBXFileReference</string>
			<key>lastKnownFileType</key>
			<string>sourcecode.c.h</string>
			<key>path</key>
			<string>iCloudEnabledPhotoStorage.h</string>
			<key>sourceTree</key>
			<string>&lt;group&gt;</string>
		</dict>
		<key>0ADBEABD187DC47600A59F79</key>
		<dict>
			<key>fileEncoding</key>
			<string>4</string>
			<key>isa</key>
			<string>PBXFileReference</string>
			<key>lastKnownFileType</key>
			<string>sourcecode.c.objc</string>
			<key>path</key>
			<string>iCloudEnabledPhotoStorage.m</string>
			<key>sourceTree</key>
			<string>&lt;group&gt;</string>
		</dict>
		<key>0ADBEABE187DC47600A59F79</key>
		<dict>
			<key>fileRef</key>
			<string>0ADBEABD187DC47600A59F79</string>
			<key>isa</key>
			<string>PBXBuildFile</string>
		</dict>
		<key>578728E751FA4247B03BCFCD</key>
		<dict>
			<key>fileRef</key>
			<string>94CC1BDD030B490EBB4559F4</string>
			<key>isa</key>
			<string>PBXBuildFile</string>
		</dict>
		<key>5C94B39B0E4947B48FEEEA2F</key>
		<dict>
			<key>includeInIndex</key>
			<string>1</string>
			<key>isa</key>
			<string>PBXFileReference</string>
			<key>lastKnownFileType</key>
			<string>text.xcconfig</string>
			<key>name</key>
			<string>Pods.xcconfig</string>
			<key>path</key>
			<string>Pods/Pods.xcconfig</string>
			<key>sourceTree</key>
			<string>&lt;group&gt;</string>
		</dict>
		<key>6551AD2C06E147DC9C44DD35</key>
		<dict>
			<key>buildActionMask</key>
			<string>2147483647</string>
			<key>files</key>
			<array/>
			<key>inputPaths</key>
			<array/>
			<key>isa</key>
			<string>PBXShellScriptBuildPhase</string>
			<key>name</key>
			<string>Check Pods Manifest.lock</string>
			<key>outputPaths</key>
			<array/>
			<key>runOnlyForDeploymentPostprocessing</key>
			<string>0</string>
			<key>shellPath</key>
			<string>/bin/sh</string>
			<key>shellScript</key>
			<string>diff "${PODS_ROOT}/../Podfile.lock" "${PODS_ROOT}/Manifest.lock" &gt; /dev/null
if [[ $? != 0 ]] ; then
    cat &lt;&lt; EOM
error: The sandbox is not in sync with the Podfile.lock. Run 'pod install' or update your CocoaPods installation.
EOM
    exit 1
fi
</string>
			<key>showEnvVarsInLog</key>
			<string>0</string>
		</dict>
		<key>696A20A24A634505919C51BF</key>
		<dict>
			<key>buildActionMask</key>
			<string>2147483647</string>
			<key>files</key>
			<array/>
			<key>inputPaths</key>
			<array/>
			<key>isa</key>
			<string>PBXShellScriptBuildPhase</string>
			<key>name</key>
			<string>Check Pods Manifest.lock</string>
			<key>outputPaths</key>
			<array/>
			<key>runOnlyForDeploymentPostprocessing</key>
			<string>0</string>
			<key>shellPath</key>
			<string>/bin/sh</string>
			<key>shellScript</key>
			<string>diff "${PODS_ROOT}/../Podfile.lock" "${PODS_ROOT}/Manifest.lock" &gt; /dev/null
if [[ $? != 0 ]] ; then
    cat &lt;&lt; EOM
error: The sandbox is not in sync with the Podfile.lock. Run 'pod install' or update your CocoaPods installation.
EOM
    exit 1
fi
</string>
			<key>showEnvVarsInLog</key>
			<string>0</string>
		</dict>
		<key>7B18190F017C4468922DA6B9</key>
		<dict>
			<key>fileRef</key>
			<string>B50B002091F54F48AC44C5C1</string>
			<key>isa</key>
			<string>PBXBuildFile</string>
		</dict>
		<key>8C9D8E7E24EB4BB58DBDF9EB</key>
		<dict>
			<key>buildActionMask</key>
			<string>2147483647</string>
			<key>files</key>
			<array/>
			<key>inputPaths</key>
			<array/>
			<key>isa</key>
			<string>PBXShellScriptBuildPhase</string>
			<key>name</key>
			<string>Copy Pods Resources</string>
			<key>outputPaths</key>
			<array/>
			<key>runOnlyForDeploymentPostprocessing</key>
			<string>0</string>
			<key>shellPath</key>
			<string>/bin/sh</string>
			<key>shellScript</key>
			<string>"${SRCROOT}/Pods/Pods-resources.sh"
</string>
			<key>showEnvVarsInLog</key>
			<string>0</string>
		</dict>
		<key>94CC1BDD030B490EBB4559F4</key>
		<dict>
			<key>explicitFileType</key>
			<string>archive.ar</string>
			<key>includeInIndex</key>
			<string>0</string>
			<key>isa</key>
			<string>PBXFileReference</string>
			<key>path</key>
			<string>libPods.a</string>
			<key>sourceTree</key>
			<string>BUILT_PRODUCTS_DIR</string>
		</dict>
		<key>B50B002091F54F48AC44C5C1</key>
		<dict>
			<key>explicitFileType</key>
			<string>archive.ar</string>
			<key>includeInIndex</key>
			<string>0</string>
			<key>isa</key>
			<string>PBXFileReference</string>
			<key>path</key>
			<string>libPods-PhotoGalleryTests.a</string>
			<key>sourceTree</key>
			<string>BUILT_PRODUCTS_DIR</string>
		</dict>
		<key>C7D1AAC65E854C97A08CE987</key>
		<dict>
			<key>buildActionMask</key>
			<string>2147483647</string>
			<key>files</key>
			<array/>
			<key>inputPaths</key>
			<array/>
			<key>isa</key>
			<string>PBXShellScriptBuildPhase</string>
			<key>name</key>
			<string>Copy Pods Resources</string>
			<key>outputPaths</key>
			<array/>
			<key>runOnlyForDeploymentPostprocessing</key>
			<string>0</string>
			<key>shellPath</key>
			<string>/bin/sh</string>
			<key>shellScript</key>
			<string>"${SRCROOT}/Pods/Pods-PhotoGalleryTests-resources.sh"
</string>
			<key>showEnvVarsInLog</key>
			<string>0</string>
		</dict>
		<key>E31F1462B6C5401782521891</key>
		<dict>
			<key>includeInIndex</key>
			<string>1</string>
			<key>isa</key>
			<string>PBXFileReference</string>
			<key>lastKnownFileType</key>
			<string>text.xcconfig</string>
			<key>name</key>
			<string>Pods-PhotoGalleryTests.xcconfig</string>
			<key>path</key>
			<string>Pods/Pods-PhotoGalleryTests.xcconfig</string>
			<key>sourceTree</key>
			<string>&lt;group&gt;</string>
		</dict>
	</dict>
	<key>rootObject</key>
	<string>0AACFEA11874468B007DB704</string>
</dict>
</plist>
